// !$*UTF8*$!
{
	archiveVersion = 1;
	classes = {
	};
	objectVersion = 56;
	objects = {

/* Begin PBXBuildFile section */
		1ADA7F012BD0513900C76F80 /* PopupView.swift in Sources */ = {isa = PBXBuildFile; fileRef = 1ADA7F002BD0513900C76F80 /* PopupView.swift */; };
		975C16502BD09874004FCB26 /* LaunchScreenViewController.swift in Sources */ = {isa = PBXBuildFile; fileRef = 975C164F2BD09874004FCB26 /* LaunchScreenViewController.swift */; };
		97EB99562BCD84FA008516B2 /* CellMaster.swift in Sources */ = {isa = PBXBuildFile; fileRef = 97EB99552BCD84FA008516B2 /* CellMaster.swift */; };
		97EB995B2BD03A6C008516B2 /* MonthOverviewController.swift in Sources */ = {isa = PBXBuildFile; fileRef = 97EB995A2BD03A6C008516B2 /* MonthOverviewController.swift */; };
		97EB995D2BD03CDB008516B2 /* MonthsTableController.swift in Sources */ = {isa = PBXBuildFile; fileRef = 97EB995C2BD03CDB008516B2 /* MonthsTableController.swift */; };
		97FC9BE62B7E44B900A5AB9B /* AppDelegate.swift in Sources */ = {isa = PBXBuildFile; fileRef = 97FC9BE52B7E44B900A5AB9B /* AppDelegate.swift */; };
		97FC9BE82B7E44B900A5AB9B /* SceneDelegate.swift in Sources */ = {isa = PBXBuildFile; fileRef = 97FC9BE72B7E44B900A5AB9B /* SceneDelegate.swift */; };
		97FC9BEA2B7E44B900A5AB9B /* MonthlyViewController.swift in Sources */ = {isa = PBXBuildFile; fileRef = 97FC9BE92B7E44B900A5AB9B /* MonthlyViewController.swift */; };
		97FC9BED2B7E44B900A5AB9B /* Main.storyboard in Resources */ = {isa = PBXBuildFile; fileRef = 97FC9BEB2B7E44B900A5AB9B /* Main.storyboard */; };
		97FC9BF02B7E44B900A5AB9B /* BudgetApp.xcdatamodeld in Sources */ = {isa = PBXBuildFile; fileRef = 97FC9BEE2B7E44B900A5AB9B /* BudgetApp.xcdatamodeld */; };
		97FC9BF22B7E44BA00A5AB9B /* Assets.xcassets in Resources */ = {isa = PBXBuildFile; fileRef = 97FC9BF12B7E44BA00A5AB9B /* Assets.xcassets */; };
		97FC9BF52B7E44BA00A5AB9B /* LaunchScreen.storyboard in Resources */ = {isa = PBXBuildFile; fileRef = 97FC9BF32B7E44BA00A5AB9B /* LaunchScreen.storyboard */; };
/* End PBXBuildFile section */

/* Begin PBXFileReference section */
		1ADA7F002BD0513900C76F80 /* PopupView.swift */ = {isa = PBXFileReference; lastKnownFileType = sourcecode.swift; path = PopupView.swift; sourceTree = "<group>"; };
		975C164F2BD09874004FCB26 /* LaunchScreenViewController.swift */ = {isa = PBXFileReference; lastKnownFileType = sourcecode.swift; path = LaunchScreenViewController.swift; sourceTree = "<group>"; };
		97EB99552BCD84FA008516B2 /* CellMaster.swift */ = {isa = PBXFileReference; lastKnownFileType = sourcecode.swift; path = CellMaster.swift; sourceTree = "<group>"; };
		97EB995A2BD03A6C008516B2 /* MonthOverviewController.swift */ = {isa = PBXFileReference; lastKnownFileType = sourcecode.swift; path = MonthOverviewController.swift; sourceTree = "<group>"; };
		97EB995C2BD03CDB008516B2 /* MonthsTableController.swift */ = {isa = PBXFileReference; lastKnownFileType = sourcecode.swift; path = MonthsTableController.swift; sourceTree = "<group>"; };
		97FC9BE22B7E44B900A5AB9B /* BudgetApp.app */ = {isa = PBXFileReference; explicitFileType = wrapper.application; includeInIndex = 0; path = BudgetApp.app; sourceTree = BUILT_PRODUCTS_DIR; };
		97FC9BE52B7E44B900A5AB9B /* AppDelegate.swift */ = {isa = PBXFileReference; lastKnownFileType = sourcecode.swift; path = AppDelegate.swift; sourceTree = "<group>"; };
		97FC9BE72B7E44B900A5AB9B /* SceneDelegate.swift */ = {isa = PBXFileReference; lastKnownFileType = sourcecode.swift; path = SceneDelegate.swift; sourceTree = "<group>"; };
		97FC9BE92B7E44B900A5AB9B /* MonthlyViewController.swift */ = {isa = PBXFileReference; lastKnownFileType = sourcecode.swift; path = MonthlyViewController.swift; sourceTree = "<group>"; };
		97FC9BEC2B7E44B900A5AB9B /* Base */ = {isa = PBXFileReference; lastKnownFileType = file.storyboard; name = Base; path = Base.lproj/Main.storyboard; sourceTree = "<group>"; };
		97FC9BEF2B7E44B900A5AB9B /* BudgetApp.xcdatamodel */ = {isa = PBXFileReference; lastKnownFileType = wrapper.xcdatamodel; path = BudgetApp.xcdatamodel; sourceTree = "<group>"; };
		97FC9BF12B7E44BA00A5AB9B /* Assets.xcassets */ = {isa = PBXFileReference; lastKnownFileType = folder.assetcatalog; path = Assets.xcassets; sourceTree = "<group>"; };
		97FC9BF42B7E44BA00A5AB9B /* Base */ = {isa = PBXFileReference; lastKnownFileType = file.storyboard; name = Base; path = Base.lproj/LaunchScreen.storyboard; sourceTree = "<group>"; };
		97FC9BF62B7E44BA00A5AB9B /* Info.plist */ = {isa = PBXFileReference; lastKnownFileType = text.plist.xml; path = Info.plist; sourceTree = "<group>"; };
/* End PBXFileReference section */

/* Begin PBXFrameworksBuildPhase section */
		97FC9BDF2B7E44B900A5AB9B /* Frameworks */ = {
			isa = PBXFrameworksBuildPhase;
			buildActionMask = 2147483647;
			files = (
			);
			runOnlyForDeploymentPostprocessing = 0;
		};
/* End PBXFrameworksBuildPhase section */

/* Begin PBXGroup section */
		975C16512BD14BCA004FCB26 /* View Controllers */ = {
			isa = PBXGroup;
			children = (
				97FC9BE92B7E44B900A5AB9B /* MonthlyViewController.swift */,
				97EB995A2BD03A6C008516B2 /* MonthOverviewController.swift */,
				97EB995C2BD03CDB008516B2 /* MonthsTableController.swift */,
				975C164F2BD09874004FCB26 /* LaunchScreenViewController.swift */,
			);
			path = "View Controllers";
			sourceTree = "<group>";
		};
		975C16522BD14BEB004FCB26 /* UI Helper Scripts */ = {
			isa = PBXGroup;
			children = (
				97EB99552BCD84FA008516B2 /* CellMaster.swift */,
				1ADA7F002BD0513900C76F80 /* PopupView.swift */,
			);
			path = "UI Helper Scripts";
			sourceTree = "<group>";
		};
		97FC9BD92B7E44B900A5AB9B = {
			isa = PBXGroup;
			children = (
				97FC9BE42B7E44B900A5AB9B /* BudgetApp */,
				97FC9BE32B7E44B900A5AB9B /* Products */,
			);
			sourceTree = "<group>";
		};
		97FC9BE32B7E44B900A5AB9B /* Products */ = {
			isa = PBXGroup;
			children = (
				97FC9BE22B7E44B900A5AB9B /* BudgetApp.app */,
			);
			name = Products;
			sourceTree = "<group>";
		};
		97FC9BE42B7E44B900A5AB9B /* BudgetApp */ = {
			isa = PBXGroup;
			children = (
				97FC9BE52B7E44B900A5AB9B /* AppDelegate.swift */,
				97FC9BE72B7E44B900A5AB9B /* SceneDelegate.swift */,
				975C16512BD14BCA004FCB26 /* View Controllers */,
				975C16522BD14BEB004FCB26 /* UI Helper Scripts */,
				97FC9BEB2B7E44B900A5AB9B /* Main.storyboard */,
				97FC9BF32B7E44BA00A5AB9B /* LaunchScreen.storyboard */,
				97FC9BF12B7E44BA00A5AB9B /* Assets.xcassets */,
				97FC9BF62B7E44BA00A5AB9B /* Info.plist */,
				97FC9BEE2B7E44B900A5AB9B /* BudgetApp.xcdatamodeld */,
			);
			path = BudgetApp;
			sourceTree = "<group>";
		};
/* End PBXGroup section */

/* Begin PBXNativeTarget section */
		97FC9BE12B7E44B900A5AB9B /* BudgetApp */ = {
			isa = PBXNativeTarget;
			buildConfigurationList = 97FC9BF92B7E44BA00A5AB9B /* Build configuration list for PBXNativeTarget "BudgetApp" */;
			buildPhases = (
				97FC9BDE2B7E44B900A5AB9B /* Sources */,
				97FC9BDF2B7E44B900A5AB9B /* Frameworks */,
				97FC9BE02B7E44B900A5AB9B /* Resources */,
			);
			buildRules = (
			);
			dependencies = (
			);
			name = BudgetApp;
			packageProductDependencies = (
			);
			productName = BudgetApp;
			productReference = 97FC9BE22B7E44B900A5AB9B /* BudgetApp.app */;
			productType = "com.apple.product-type.application";
		};
/* End PBXNativeTarget section */

/* Begin PBXProject section */
		97FC9BDA2B7E44B900A5AB9B /* Project object */ = {
			isa = PBXProject;
			attributes = {
				BuildIndependentTargetsInParallel = 1;
				LastSwiftUpdateCheck = 1500;
				LastUpgradeCheck = 1500;
				TargetAttributes = {
					97FC9BE12B7E44B900A5AB9B = {
						CreatedOnToolsVersion = 15.0;
					};
				};
			};
			buildConfigurationList = 97FC9BDD2B7E44B900A5AB9B /* Build configuration list for PBXProject "BudgetApp" */;
			compatibilityVersion = "Xcode 14.0";
			developmentRegion = en;
			hasScannedForEncodings = 0;
			knownRegions = (
				en,
				Base,
			);
			mainGroup = 97FC9BD92B7E44B900A5AB9B;
			packageReferences = (
			);
			productRefGroup = 97FC9BE32B7E44B900A5AB9B /* Products */;
			projectDirPath = "";
			projectRoot = "";
			targets = (
				97FC9BE12B7E44B900A5AB9B /* BudgetApp */,
			);
		};
/* End PBXProject section */

/* Begin PBXResourcesBuildPhase section */
		97FC9BE02B7E44B900A5AB9B /* Resources */ = {
			isa = PBXResourcesBuildPhase;
			buildActionMask = 2147483647;
			files = (
				97FC9BF52B7E44BA00A5AB9B /* LaunchScreen.storyboard in Resources */,
				97FC9BF22B7E44BA00A5AB9B /* Assets.xcassets in Resources */,
				97FC9BED2B7E44B900A5AB9B /* Main.storyboard in Resources */,
			);
			runOnlyForDeploymentPostprocessing = 0;
		};
/* End PBXResourcesBuildPhase section */

/* Begin PBXSourcesBuildPhase section */
		97FC9BDE2B7E44B900A5AB9B /* Sources */ = {
			isa = PBXSourcesBuildPhase;
			buildActionMask = 2147483647;
			files = (
				1ADA7F012BD0513900C76F80 /* PopupView.swift in Sources */,
				97FC9BEA2B7E44B900A5AB9B /* MonthlyViewController.swift in Sources */,
				97EB995B2BD03A6C008516B2 /* MonthOverviewController.swift in Sources */,
				97EB99562BCD84FA008516B2 /* CellMaster.swift in Sources */,
				97FC9BE62B7E44B900A5AB9B /* AppDelegate.swift in Sources */,
				97EB995D2BD03CDB008516B2 /* MonthsTableController.swift in Sources */,
				97FC9BF02B7E44B900A5AB9B /* BudgetApp.xcdatamodeld in Sources */,
				975C16502BD09874004FCB26 /* LaunchScreenViewController.swift in Sources */,
				97FC9BE82B7E44B900A5AB9B /* SceneDelegate.swift in Sources */,
			);
			runOnlyForDeploymentPostprocessing = 0;
		};
/* End PBXSourcesBuildPhase section */

/* Begin PBXVariantGroup section */
		97FC9BEB2B7E44B900A5AB9B /* Main.storyboard */ = {
			isa = PBXVariantGroup;
			children = (
				97FC9BEC2B7E44B900A5AB9B /* Base */,
			);
			name = Main.storyboard;
			sourceTree = "<group>";
		};
		97FC9BF32B7E44BA00A5AB9B /* LaunchScreen.storyboard */ = {
			isa = PBXVariantGroup;
			children = (
				97FC9BF42B7E44BA00A5AB9B /* Base */,
			);
			name = LaunchScreen.storyboard;
			sourceTree = "<group>";
		};
/* End PBXVariantGroup section */

/* Begin XCBuildConfiguration section */
		97FC9BF72B7E44BA00A5AB9B /* Debug */ = {
			isa = XCBuildConfiguration;
			buildSettings = {
				ALWAYS_SEARCH_USER_PATHS = NO;
				ASSETCATALOG_COMPILER_GENERATE_SWIFT_ASSET_SYMBOL_EXTENSIONS = YES;
				CLANG_ANALYZER_NONNULL = YES;
				CLANG_ANALYZER_NUMBER_OBJECT_CONVERSION = YES_AGGRESSIVE;
				CLANG_CXX_LANGUAGE_STANDARD = "gnu++20";
				CLANG_ENABLE_MODULES = YES;
				CLANG_ENABLE_OBJC_ARC = YES;
				CLANG_ENABLE_OBJC_WEAK = YES;
				CLANG_WARN_BLOCK_CAPTURE_AUTORELEASING = YES;
				CLANG_WARN_BOOL_CONVERSION = YES;
				CLANG_WARN_COMMA = YES;
				CLANG_WARN_CONSTANT_CONVERSION = YES;
				CLANG_WARN_DEPRECATED_OBJC_IMPLEMENTATIONS = YES;
				CLANG_WARN_DIRECT_OBJC_ISA_USAGE = YES_ERROR;
				CLANG_WARN_DOCUMENTATION_COMMENTS = YES;
				CLANG_WARN_EMPTY_BODY = YES;
				CLANG_WARN_ENUM_CONVERSION = YES;
				CLANG_WARN_INFINITE_RECURSION = YES;
				CLANG_WARN_INT_CONVERSION = YES;
				CLANG_WARN_NON_LITERAL_NULL_CONVERSION = YES;
				CLANG_WARN_OBJC_IMPLICIT_RETAIN_SELF = YES;
				CLANG_WARN_OBJC_LITERAL_CONVERSION = YES;
				CLANG_WARN_OBJC_ROOT_CLASS = YES_ERROR;
				CLANG_WARN_QUOTED_INCLUDE_IN_FRAMEWORK_HEADER = YES;
				CLANG_WARN_RANGE_LOOP_ANALYSIS = YES;
				CLANG_WARN_STRICT_PROTOTYPES = YES;
				CLANG_WARN_SUSPICIOUS_MOVE = YES;
				CLANG_WARN_UNGUARDED_AVAILABILITY = YES_AGGRESSIVE;
				CLANG_WARN_UNREACHABLE_CODE = YES;
				CLANG_WARN__DUPLICATE_METHOD_MATCH = YES;
				COPY_PHASE_STRIP = NO;
				DEBUG_INFORMATION_FORMAT = dwarf;
				ENABLE_STRICT_OBJC_MSGSEND = YES;
				ENABLE_TESTABILITY = YES;
				ENABLE_USER_SCRIPT_SANDBOXING = YES;
				GCC_C_LANGUAGE_STANDARD = gnu17;
				GCC_DYNAMIC_NO_PIC = NO;
				GCC_NO_COMMON_BLOCKS = YES;
				GCC_OPTIMIZATION_LEVEL = 0;
				GCC_PREPROCESSOR_DEFINITIONS = (
					"DEBUG=1",
					"$(inherited)",
				);
				GCC_WARN_64_TO_32_BIT_CONVERSION = YES;
				GCC_WARN_ABOUT_RETURN_TYPE = YES_ERROR;
				GCC_WARN_UNDECLARED_SELECTOR = YES;
				GCC_WARN_UNINITIALIZED_AUTOS = YES_AGGRESSIVE;
				GCC_WARN_UNUSED_FUNCTION = YES;
				GCC_WARN_UNUSED_VARIABLE = YES;
				IPHONEOS_DEPLOYMENT_TARGET = 17.0;
				LOCALIZATION_PREFERS_STRING_CATALOGS = YES;
				MTL_ENABLE_DEBUG_INFO = INCLUDE_SOURCE;
				MTL_FAST_MATH = YES;
				ONLY_ACTIVE_ARCH = YES;
				SDKROOT = iphoneos;
				SWIFT_ACTIVE_COMPILATION_CONDITIONS = "DEBUG $(inherited)";
				SWIFT_OPTIMIZATION_LEVEL = "-Onone";
			};
			name = Debug;
		};
		97FC9BF82B7E44BA00A5AB9B /* Release */ = {
			isa = XCBuildConfiguration;
			buildSettings = {
				ALWAYS_SEARCH_USER_PATHS = NO;
				ASSETCATALOG_COMPILER_GENERATE_SWIFT_ASSET_SYMBOL_EXTENSIONS = YES;
				CLANG_ANALYZER_NONNULL = YES;
				CLANG_ANALYZER_NUMBER_OBJECT_CONVERSION = YES_AGGRESSIVE;
				CLANG_CXX_LANGUAGE_STANDARD = "gnu++20";
				CLANG_ENABLE_MODULES = YES;
				CLANG_ENABLE_OBJC_ARC = YES;
				CLANG_ENABLE_OBJC_WEAK = YES;
				CLANG_WARN_BLOCK_CAPTURE_AUTORELEASING = YES;
				CLANG_WARN_BOOL_CONVERSION = YES;
				CLANG_WARN_COMMA = YES;
				CLANG_WARN_CONSTANT_CONVERSION = YES;
				CLANG_WARN_DEPRECATED_OBJC_IMPLEMENTATIONS = YES;
				CLANG_WARN_DIRECT_OBJC_ISA_USAGE = YES_ERROR;
				CLANG_WARN_DOCUMENTATION_COMMENTS = YES;
				CLANG_WARN_EMPTY_BODY = YES;
				CLANG_WARN_ENUM_CONVERSION = YES;
				CLANG_WARN_INFINITE_RECURSION = YES;
				CLANG_WARN_INT_CONVERSION = YES;
				CLANG_WARN_NON_LITERAL_NULL_CONVERSION = YES;
				CLANG_WARN_OBJC_IMPLICIT_RETAIN_SELF = YES;
				CLANG_WARN_OBJC_LITERAL_CONVERSION = YES;
				CLANG_WARN_OBJC_ROOT_CLASS = YES_ERROR;
				CLANG_WARN_QUOTED_INCLUDE_IN_FRAMEWORK_HEADER = YES;
				CLANG_WARN_RANGE_LOOP_ANALYSIS = YES;
				CLANG_WARN_STRICT_PROTOTYPES = YES;
				CLANG_WARN_SUSPICIOUS_MOVE = YES;
				CLANG_WARN_UNGUARDED_AVAILABILITY = YES_AGGRESSIVE;
				CLANG_WARN_UNREACHABLE_CODE = YES;
				CLANG_WARN__DUPLICATE_METHOD_MATCH = YES;
				COPY_PHASE_STRIP = NO;
				DEBUG_INFORMATION_FORMAT = "dwarf-with-dsym";
				ENABLE_NS_ASSERTIONS = NO;
				ENABLE_STRICT_OBJC_MSGSEND = YES;
				ENABLE_USER_SCRIPT_SANDBOXING = YES;
				GCC_C_LANGUAGE_STANDARD = gnu17;
				GCC_NO_COMMON_BLOCKS = YES;
				GCC_WARN_64_TO_32_BIT_CONVERSION = YES;
				GCC_WARN_ABOUT_RETURN_TYPE = YES_ERROR;
				GCC_WARN_UNDECLARED_SELECTOR = YES;
				GCC_WARN_UNINITIALIZED_AUTOS = YES_AGGRESSIVE;
				GCC_WARN_UNUSED_FUNCTION = YES;
				GCC_WARN_UNUSED_VARIABLE = YES;
				IPHONEOS_DEPLOYMENT_TARGET = 17.0;
				LOCALIZATION_PREFERS_STRING_CATALOGS = YES;
				MTL_ENABLE_DEBUG_INFO = NO;
				MTL_FAST_MATH = YES;
				SDKROOT = iphoneos;
				SWIFT_COMPILATION_MODE = wholemodule;
				VALIDATE_PRODUCT = YES;
			};
			name = Release;
		};
		97FC9BFA2B7E44BA00A5AB9B /* Debug */ = {
			isa = XCBuildConfiguration;
			buildSettings = {
				ASSETCATALOG_COMPILER_APPICON_NAME = AppIcon;
				ASSETCATALOG_COMPILER_GLOBAL_ACCENT_COLOR_NAME = AccentColor;
				CODE_SIGN_STYLE = Automatic;
				CURRENT_PROJECT_VERSION = 1;
				GENERATE_INFOPLIST_FILE = YES;
				INFOPLIST_FILE = BudgetApp/Info.plist;
				INFOPLIST_KEY_UIApplicationSupportsIndirectInputEvents = YES;
				INFOPLIST_KEY_UILaunchStoryboardName = LaunchScreen;
				INFOPLIST_KEY_UIMainStoryboardFile = Main;
				INFOPLIST_KEY_UISupportedInterfaceOrientations = UIInterfaceOrientationPortrait;
				IPHONEOS_DEPLOYMENT_TARGET = 16.2;
				LD_RUNPATH_SEARCH_PATHS = (
					"$(inherited)",
					"@executable_path/Frameworks",
				);
				MARKETING_VERSION = 1.0;
				PRODUCT_BUNDLE_IDENTIFIER = "com.kinsler-lubienski.dominic.BudgetApp";
				PRODUCT_NAME = "$(TARGET_NAME)";
				SWIFT_EMIT_LOC_STRINGS = YES;
				SWIFT_VERSION = 5.0;
				TARGETED_DEVICE_FAMILY = "1,2";
			};
			name = Debug;
		};
		97FC9BFB2B7E44BA00A5AB9B /* Release */ = {
			isa = XCBuildConfiguration;
			buildSettings = {
				ASSETCATALOG_COMPILER_APPICON_NAME = AppIcon;
				ASSETCATALOG_COMPILER_GLOBAL_ACCENT_COLOR_NAME = AccentColor;
				CODE_SIGN_STYLE = Automatic;
				CURRENT_PROJECT_VERSION = 1;
				GENERATE_INFOPLIST_FILE = YES;
				INFOPLIST_FILE = BudgetApp/Info.plist;
				INFOPLIST_KEY_UIApplicationSupportsIndirectInputEvents = YES;
				INFOPLIST_KEY_UILaunchStoryboardName = LaunchScreen;
				INFOPLIST_KEY_UIMainStoryboardFile = Main;
				INFOPLIST_KEY_UISupportedInterfaceOrientations = UIInterfaceOrientationPortrait;
				IPHONEOS_DEPLOYMENT_TARGET = 16.2;
				LD_RUNPATH_SEARCH_PATHS = (
					"$(inherited)",
					"@executable_path/Frameworks",
				);
				MARKETING_VERSION = 1.0;
				PRODUCT_BUNDLE_IDENTIFIER = "com.kinsler-lubienski.dominic.BudgetApp";
				PRODUCT_NAME = "$(TARGET_NAME)";
				SWIFT_EMIT_LOC_STRINGS = YES;
				SWIFT_VERSION = 5.0;
				TARGETED_DEVICE_FAMILY = "1,2";
			};
			name = Release;
		};
/* End XCBuildConfiguration section */

/* Begin XCConfigurationList section */
		97FC9BDD2B7E44B900A5AB9B /* Build configuration list for PBXProject "BudgetApp" */ = {
			isa = XCConfigurationList;
			buildConfigurations = (
				97FC9BF72B7E44BA00A5AB9B /* Debug */,
				97FC9BF82B7E44BA00A5AB9B /* Release */,
			);
			defaultConfigurationIsVisible = 0;
			defaultConfigurationName = Release;
		};
		97FC9BF92B7E44BA00A5AB9B /* Build configuration list for PBXNativeTarget "BudgetApp" */ = {
			isa = XCConfigurationList;
			buildConfigurations = (
				97FC9BFA2B7E44BA00A5AB9B /* Debug */,
				97FC9BFB2B7E44BA00A5AB9B /* Release */,
			);
			defaultConfigurationIsVisible = 0;
			defaultConfigurationName = Release;
		};
/* End XCConfigurationList section */

/* Begin XCVersionGroup section */
		97FC9BEE2B7E44B900A5AB9B /* BudgetApp.xcdatamodeld */ = {
			isa = XCVersionGroup;
			children = (
				97FC9BEF2B7E44B900A5AB9B /* BudgetApp.xcdatamodel */,
			);
			currentVersion = 97FC9BEF2B7E44B900A5AB9B /* BudgetApp.xcdatamodel */;
			path = BudgetApp.xcdatamodeld;
			sourceTree = "<group>";
			versionGroupType = wrapper.xcdatamodel;
		};
/* End XCVersionGroup section */
	};
	rootObject = 97FC9BDA2B7E44B900A5AB9B /* Project object */;
}
